
Microsoft Visual Studio Solution File, Format Version 12.00
# Visual Studio Version 16
VisualStudioVersion = 16.0.31624.102
MinimumVisualStudioVersion = 10.0.40219.1
Project("{FAE04EC0-301F-11D3-BF4B-00C04F79EFBC}") = "ScreenShotlemontree", "ScreenShotlemontree.csproj", "{C1BF6596-9F76-4E2C-86C1-E765F54302D8}"
EndProject
Global
	GlobalSection(SolutionConfigurationPlatforms) = preSolution
		Debug|Any CPU = Debug|Any CPU
		Release|Any CPU = Release|Any CPU
	EndGlobalSection
	GlobalSection(ProjectConfigurationPlatforms) = postSolution
		{C1BF6596-9F76-4E2C-86C1-E765F54302D8}.Debug|Any CPU.ActiveCfg = Debug|Any CPU
		{C1BF6596-9F76-4E2C-86C1-E765F54302D8}.Debug|Any CPU.Build.0 = Debug|Any CPU
		{C1BF6596-9F76-4E2C-86C1-E765F54302D8}.Release|Any CPU.ActiveCfg = Release|Any CPU
		{C1BF6596-9F76-4E2C-86C1-E765F54302D8}.Release|Any CPU.Build.0 = Release|Any CPU
	EndGlobalSection
	GlobalSection(SolutionProperties) = preSolution
		HideSolutionNode = FALSE
	EndGlobalSection
	GlobalSection(ExtensibilityGlobals) = postSolution
		SolutionGuid = {1563C1BE-7C60-4027-AC12-9CDC3E1E5A1B}
	EndGlobalSection
EndGlobal
